// !$*UTF8*$!
{
	archiveVersion = 1;
	classes = {
	};
	objectVersion = 48;
	objects = {

/* Begin PBXBuildFile section */
		CA37B9341F9D638F007CE2EC /* ConversationItem.swift in Sources */ = {isa = PBXBuildFile; fileRef = CA37B9331F9D638F007CE2EC /* ConversationItem.swift */; };
		CA37B9361F9D63F9007CE2EC /* MessageItem.swift in Sources */ = {isa = PBXBuildFile; fileRef = CA37B9351F9D63F9007CE2EC /* MessageItem.swift */; };
		CA6CF3381F8A5CF3001DDA87 /* ConversationViewController.swift in Sources */ = {isa = PBXBuildFile; fileRef = CA6CF3371F8A5CF3001DDA87 /* ConversationViewController.swift */; };
		CA6CF33A1F8A6624001DDA87 /* MessageCell.swift in Sources */ = {isa = PBXBuildFile; fileRef = CA6CF3391F8A6624001DDA87 /* MessageCell.swift */; };
		CA8F623F1F77189F004119A7 /* AppDelegate.swift in Sources */ = {isa = PBXBuildFile; fileRef = CA8F623E1F77189F004119A7 /* AppDelegate.swift */; };
		CA8F62411F77189F004119A7 /* ProfileViewController.swift in Sources */ = {isa = PBXBuildFile; fileRef = CA8F62401F77189F004119A7 /* ProfileViewController.swift */; };
		CA8F62441F77189F004119A7 /* Main.storyboard in Resources */ = {isa = PBXBuildFile; fileRef = CA8F62421F77189F004119A7 /* Main.storyboard */; };
		CA8F62461F77189F004119A7 /* Assets.xcassets in Resources */ = {isa = PBXBuildFile; fileRef = CA8F62451F77189F004119A7 /* Assets.xcassets */; };
		CA8F62491F77189F004119A7 /* LaunchScreen.storyboard in Resources */ = {isa = PBXBuildFile; fileRef = CA8F62471F77189F004119A7 /* LaunchScreen.storyboard */; };
		CA8F62511F771B4D004119A7 /* Media.xcassets in Resources */ = {isa = PBXBuildFile; fileRef = CA8F62501F771B4D004119A7 /* Media.xcassets */; };
		CAAC831F1FA8549600AB285E /* Profile.storyboard in Resources */ = {isa = PBXBuildFile; fileRef = CAAC831D1FA8549600AB285E /* Profile.storyboard */; };
		CAAE9B7D1F9CFD3400FCFC39 /* Communicator.swift in Sources */ = {isa = PBXBuildFile; fileRef = CAAE9B7C1F9CFD3400FCFC39 /* Communicator.swift */; };
		CAAE9B7F1F9CFD5700FCFC39 /* CommunicatorDelegate.swift in Sources */ = {isa = PBXBuildFile; fileRef = CAAE9B7E1F9CFD5700FCFC39 /* CommunicatorDelegate.swift */; };
		CAAE9B811F9CFD9E00FCFC39 /* MultipeerConnectivity.swift in Sources */ = {isa = PBXBuildFile; fileRef = CAAE9B801F9CFD9E00FCFC39 /* MultipeerConnectivity.swift */; };
		CAAE9B831F9D023500FCFC39 /* CommunicationManager.swift in Sources */ = {isa = PBXBuildFile; fileRef = CAAE9B821F9D023500FCFC39 /* CommunicationManager.swift */; };
		CAE361ED1F896C9B007FE69F /* ConversationsListViewController.swift in Sources */ = {isa = PBXBuildFile; fileRef = CAE361EC1F896C9B007FE69F /* ConversationsListViewController.swift */; };
		CAF0EA831F89877200EF3461 /* ConversationCell.swift in Sources */ = {isa = PBXBuildFile; fileRef = CAF0EA821F89877200EF3461 /* ConversationCell.swift */; };
		CAF22E591F94D5460048E83A /* Profile.swift in Sources */ = {isa = PBXBuildFile; fileRef = CAF22E581F94D5460048E83A /* Profile.swift */; };
		CAF22E5B1F94D6C40048E83A /* AlertManager.swift in Sources */ = {isa = PBXBuildFile; fileRef = CAF22E5A1F94D6C40048E83A /* AlertManager.swift */; };
		CAF22E5D1F94D7060048E83A /* GCDTaskManager.swift in Sources */ = {isa = PBXBuildFile; fileRef = CAF22E5C1F94D7060048E83A /* GCDTaskManager.swift */; };
		CAF22E5F1F94D73F0048E83A /* TaskManager.swift in Sources */ = {isa = PBXBuildFile; fileRef = CAF22E5E1F94D73F0048E83A /* TaskManager.swift */; };
		CAF22E611F94D78F0048E83A /* OperationTaskManager.swift in Sources */ = {isa = PBXBuildFile; fileRef = CAF22E601F94D78F0048E83A /* OperationTaskManager.swift */; };
		CAF22E631F94D7D80048E83A /* Operations.swift in Sources */ = {isa = PBXBuildFile; fileRef = CAF22E621F94D7D80048E83A /* Operations.swift */; };
/* End PBXBuildFile section */

/* Begin PBXFileReference section */
		CA37B9331F9D638F007CE2EC /* ConversationItem.swift */ = {isa = PBXFileReference; lastKnownFileType = sourcecode.swift; path = ConversationItem.swift; sourceTree = "<group>"; };
		CA37B9351F9D63F9007CE2EC /* MessageItem.swift */ = {isa = PBXFileReference; lastKnownFileType = sourcecode.swift; path = MessageItem.swift; sourceTree = "<group>"; };
		CA6CF3371F8A5CF3001DDA87 /* ConversationViewController.swift */ = {isa = PBXFileReference; lastKnownFileType = sourcecode.swift; path = ConversationViewController.swift; sourceTree = "<group>"; };
		CA6CF3391F8A6624001DDA87 /* MessageCell.swift */ = {isa = PBXFileReference; lastKnownFileType = sourcecode.swift; path = MessageCell.swift; sourceTree = "<group>"; };
		CA8F623B1F77189F004119A7 /* Tinkoff-Homework.app */ = {isa = PBXFileReference; explicitFileType = wrapper.application; includeInIndex = 0; path = "Tinkoff-Homework.app"; sourceTree = BUILT_PRODUCTS_DIR; };
		CA8F623E1F77189F004119A7 /* AppDelegate.swift */ = {isa = PBXFileReference; lastKnownFileType = sourcecode.swift; path = AppDelegate.swift; sourceTree = "<group>"; };
		CA8F62401F77189F004119A7 /* ProfileViewController.swift */ = {isa = PBXFileReference; lastKnownFileType = sourcecode.swift; path = ProfileViewController.swift; sourceTree = "<group>"; };
		CA8F62431F77189F004119A7 /* Base */ = {isa = PBXFileReference; lastKnownFileType = file.storyboard; name = Base; path = Base.lproj/Main.storyboard; sourceTree = "<group>"; };
		CA8F62451F77189F004119A7 /* Assets.xcassets */ = {isa = PBXFileReference; lastKnownFileType = folder.assetcatalog; path = Assets.xcassets; sourceTree = "<group>"; };
		CA8F62481F77189F004119A7 /* Base */ = {isa = PBXFileReference; lastKnownFileType = file.storyboard; name = Base; path = Base.lproj/LaunchScreen.storyboard; sourceTree = "<group>"; };
		CA8F624A1F77189F004119A7 /* Info.plist */ = {isa = PBXFileReference; lastKnownFileType = text.plist.xml; path = Info.plist; sourceTree = "<group>"; };
		CA8F62501F771B4D004119A7 /* Media.xcassets */ = {isa = PBXFileReference; lastKnownFileType = folder.assetcatalog; path = Media.xcassets; sourceTree = "<group>"; };
		CAAC831E1FA8549600AB285E /* Base */ = {isa = PBXFileReference; lastKnownFileType = file.storyboard; name = Base; path = "Tinkoff-Homework/Base.lproj/Profile.storyboard"; sourceTree = "<group>"; };
		CAAE9B7C1F9CFD3400FCFC39 /* Communicator.swift */ = {isa = PBXFileReference; lastKnownFileType = sourcecode.swift; path = Communicator.swift; sourceTree = "<group>"; };
		CAAE9B7E1F9CFD5700FCFC39 /* CommunicatorDelegate.swift */ = {isa = PBXFileReference; lastKnownFileType = sourcecode.swift; path = CommunicatorDelegate.swift; sourceTree = "<group>"; };
		CAAE9B801F9CFD9E00FCFC39 /* MultipeerConnectivity.swift */ = {isa = PBXFileReference; lastKnownFileType = sourcecode.swift; path = MultipeerConnectivity.swift; sourceTree = "<group>"; };
		CAAE9B821F9D023500FCFC39 /* CommunicationManager.swift */ = {isa = PBXFileReference; lastKnownFileType = sourcecode.swift; path = CommunicationManager.swift; sourceTree = "<group>"; };
		CAE361EC1F896C9B007FE69F /* ConversationsListViewController.swift */ = {isa = PBXFileReference; lastKnownFileType = sourcecode.swift; path = ConversationsListViewController.swift; sourceTree = "<group>"; };
		CAF0EA821F89877200EF3461 /* ConversationCell.swift */ = {isa = PBXFileReference; lastKnownFileType = sourcecode.swift; path = ConversationCell.swift; sourceTree = "<group>"; };
		CAF22E581F94D5460048E83A /* Profile.swift */ = {isa = PBXFileReference; lastKnownFileType = sourcecode.swift; path = Profile.swift; sourceTree = "<group>"; };
		CAF22E5A1F94D6C40048E83A /* AlertManager.swift */ = {isa = PBXFileReference; lastKnownFileType = sourcecode.swift; path = AlertManager.swift; sourceTree = "<group>"; };
		CAF22E5C1F94D7060048E83A /* GCDTaskManager.swift */ = {isa = PBXFileReference; lastKnownFileType = sourcecode.swift; path = GCDTaskManager.swift; sourceTree = "<group>"; };
		CAF22E5E1F94D73F0048E83A /* TaskManager.swift */ = {isa = PBXFileReference; lastKnownFileType = sourcecode.swift; path = TaskManager.swift; sourceTree = "<group>"; };
		CAF22E601F94D78F0048E83A /* OperationTaskManager.swift */ = {isa = PBXFileReference; lastKnownFileType = sourcecode.swift; path = OperationTaskManager.swift; sourceTree = "<group>"; };
		CAF22E621F94D7D80048E83A /* Operations.swift */ = {isa = PBXFileReference; lastKnownFileType = sourcecode.swift; path = Operations.swift; sourceTree = "<group>"; };
/* End PBXFileReference section */

/* Begin PBXFrameworksBuildPhase section */
		CA8F62381F77189F004119A7 /* Frameworks */ = {
			isa = PBXFrameworksBuildPhase;
			buildActionMask = 2147483647;
			files = (
			);
			runOnlyForDeploymentPostprocessing = 0;
		};
/* End PBXFrameworksBuildPhase section */

/* Begin PBXGroup section */
		CA8F62321F77189F004119A7 = {
			isa = PBXGroup;
			children = (
				CA8F623D1F77189F004119A7 /* Tinkoff-Homework */,
				CA8F623C1F77189F004119A7 /* Products */,
			);
			sourceTree = "<group>";
		};
		CA8F623C1F77189F004119A7 /* Products */ = {
			isa = PBXGroup;
			children = (
				CA8F623B1F77189F004119A7 /* Tinkoff-Homework.app */,
			);
			name = Products;
			sourceTree = "<group>";
		};
		CA8F623D1F77189F004119A7 /* Tinkoff-Homework */ = {
			isa = PBXGroup;
			children = (
				CAAC83271FA859E400AB285E /* Controllers */,
				CAAC83201FA857C500AB285E /* Views */,
				CAAC83241FA8588800AB285E /* Models */,
				CAAC83231FA8582500AB285E /* Supporting Files */,
			);
			path = "Tinkoff-Homework";
			sourceTree = "<group>";
		};
		CAAC83201FA857C500AB285E /* Views */ = {
			isa = PBXGroup;
			children = (
				CAAC83221FA857F800AB285E /* Cells */,
				CAAC83211FA857E000AB285E /* Strotyboards */,
			);
			path = Views;
			sourceTree = "<group>";
		};
		CAAC83211FA857E000AB285E /* Strotyboards */ = {
			isa = PBXGroup;
			children = (
				CA8F62471F77189F004119A7 /* LaunchScreen.storyboard */,
				CAAC831D1FA8549600AB285E /* Profile.storyboard */,
				CA8F62421F77189F004119A7 /* Main.storyboard */,
			);
			path = Strotyboards;
			sourceTree = "<group>";
		};
		CAAC83221FA857F800AB285E /* Cells */ = {
			isa = PBXGroup;
			children = (
				CA6CF3391F8A6624001DDA87 /* MessageCell.swift */,
				CAF0EA821F89877200EF3461 /* ConversationCell.swift */,
			);
			path = Cells;
			sourceTree = "<group>";
		};
		CAAC83231FA8582500AB285E /* Supporting Files */ = {
			isa = PBXGroup;
			children = (
				CA8F623E1F77189F004119A7 /* AppDelegate.swift */,
				CA8F624A1F77189F004119A7 /* Info.plist */,
				CA8F62451F77189F004119A7 /* Assets.xcassets */,
				CA8F62501F771B4D004119A7 /* Media.xcassets */,
			);
			path = "Supporting Files";
			sourceTree = "<group>";
		};
		CAAC83241FA8588800AB285E /* Models */ = {
			isa = PBXGroup;
			children = (
				CAAC83281FA85A1300AB285E /* PeerToPeer */,
				CAAC83251FA858EE00AB285E /* Profile */,
				CAAC83261FA859B200AB285E /* Conversation */,
			);
			path = Models;
			sourceTree = "<group>";
		};
		CAAC83251FA858EE00AB285E /* Profile */ = {
			isa = PBXGroup;
			children = (
				CAF22E581F94D5460048E83A /* Profile.swift */,
				CAF22E5A1F94D6C40048E83A /* AlertManager.swift */,
				CAF22E5C1F94D7060048E83A /* GCDTaskManager.swift */,
				CAF22E5E1F94D73F0048E83A /* TaskManager.swift */,
				CAF22E601F94D78F0048E83A /* OperationTaskManager.swift */,
				CAF22E621F94D7D80048E83A /* Operations.swift */,
			);
			path = Profile;
			sourceTree = "<group>";
		};
		CAAC83261FA859B200AB285E /* Conversation */ = {
			isa = PBXGroup;
			children = (
				CA37B9351F9D63F9007CE2EC /* MessageItem.swift */,
				CA37B9331F9D638F007CE2EC /* ConversationItem.swift */,
			);
			path = Conversation;
			sourceTree = "<group>";
		};
		CAAC83271FA859E400AB285E /* Controllers */ = {
			isa = PBXGroup;
			children = (
				CA8F62401F77189F004119A7 /* ProfileViewController.swift */,
				CAE361EC1F896C9B007FE69F /* ConversationsListViewController.swift */,
				CA6CF3371F8A5CF3001DDA87 /* ConversationViewController.swift */,
			);
			path = Controllers;
			sourceTree = "<group>";
		};
		CAAC83281FA85A1300AB285E /* PeerToPeer */ = {
			isa = PBXGroup;
			children = (
				CAAE9B7C1F9CFD3400FCFC39 /* Communicator.swift */,
				CAAE9B7E1F9CFD5700FCFC39 /* CommunicatorDelegate.swift */,
				CAAE9B801F9CFD9E00FCFC39 /* MultipeerConnectivity.swift */,
				CAAE9B821F9D023500FCFC39 /* CommunicationManager.swift */,
			);
			path = PeerToPeer;
			sourceTree = "<group>";
		};
/* End PBXGroup section */

/* Begin PBXNativeTarget section */
		CA8F623A1F77189F004119A7 /* Tinkoff-Homework */ = {
			isa = PBXNativeTarget;
			buildConfigurationList = CA8F624D1F77189F004119A7 /* Build configuration list for PBXNativeTarget "Tinkoff-Homework" */;
			buildPhases = (
				CA8F62371F77189F004119A7 /* Sources */,
				CA8F62381F77189F004119A7 /* Frameworks */,
				CA8F62391F77189F004119A7 /* Resources */,
			);
			buildRules = (
			);
			dependencies = (
			);
			name = "Tinkoff-Homework";
			productName = "Tinkoff-Homework";
			productReference = CA8F623B1F77189F004119A7 /* Tinkoff-Homework.app */;
			productType = "com.apple.product-type.application";
		};
/* End PBXNativeTarget section */

/* Begin PBXProject section */
		CA8F62331F77189F004119A7 /* Project object */ = {
			isa = PBXProject;
			attributes = {
				LastSwiftUpdateCheck = 0900;
				LastUpgradeCheck = 0900;
				ORGANIZATIONNAME = "Кирилл Володин";
				TargetAttributes = {
					CA8F623A1F77189F004119A7 = {
						CreatedOnToolsVersion = 9.0;
						ProvisioningStyle = Automatic;
					};
				};
			};
			buildConfigurationList = CA8F62361F77189F004119A7 /* Build configuration list for PBXProject "Tinkoff-Homework" */;
			compatibilityVersion = "Xcode 8.0";
			developmentRegion = en;
			hasScannedForEncodings = 0;
			knownRegions = (
				en,
				Base,
			);
			mainGroup = CA8F62321F77189F004119A7;
			productRefGroup = CA8F623C1F77189F004119A7 /* Products */;
			projectDirPath = "";
			projectRoot = "";
			targets = (
				CA8F623A1F77189F004119A7 /* Tinkoff-Homework */,
			);
		};
/* End PBXProject section */

/* Begin PBXResourcesBuildPhase section */
		CA8F62391F77189F004119A7 /* Resources */ = {
			isa = PBXResourcesBuildPhase;
			buildActionMask = 2147483647;
			files = (
				CA8F62491F77189F004119A7 /* LaunchScreen.storyboard in Resources */,
				CA8F62461F77189F004119A7 /* Assets.xcassets in Resources */,
				CAAC831F1FA8549600AB285E /* Profile.storyboard in Resources */,
				CA8F62511F771B4D004119A7 /* Media.xcassets in Resources */,
				CA8F62441F77189F004119A7 /* Main.storyboard in Resources */,
			);
			runOnlyForDeploymentPostprocessing = 0;
		};
/* End PBXResourcesBuildPhase section */

/* Begin PBXSourcesBuildPhase section */
		CA8F62371F77189F004119A7 /* Sources */ = {
			isa = PBXSourcesBuildPhase;
			buildActionMask = 2147483647;
			files = (
				CAF22E5B1F94D6C40048E83A /* AlertManager.swift in Sources */,
				CAF0EA831F89877200EF3461 /* ConversationCell.swift in Sources */,
				CAAE9B7D1F9CFD3400FCFC39 /* Communicator.swift in Sources */,
				CAF22E5F1F94D73F0048E83A /* TaskManager.swift in Sources */,
				CAF22E631F94D7D80048E83A /* Operations.swift in Sources */,
				CA8F62411F77189F004119A7 /* ProfileViewController.swift in Sources */,
				CA37B9341F9D638F007CE2EC /* ConversationItem.swift in Sources */,
				CA6CF3381F8A5CF3001DDA87 /* ConversationViewController.swift in Sources */,
				CAAE9B7F1F9CFD5700FCFC39 /* CommunicatorDelegate.swift in Sources */,
				CAF22E591F94D5460048E83A /* Profile.swift in Sources */,
				CAAE9B831F9D023500FCFC39 /* CommunicationManager.swift in Sources */,
				CAF22E611F94D78F0048E83A /* OperationTaskManager.swift in Sources */,
				CA8F623F1F77189F004119A7 /* AppDelegate.swift in Sources */,
				CAF22E5D1F94D7060048E83A /* GCDTaskManager.swift in Sources */,
				CAAE9B811F9CFD9E00FCFC39 /* MultipeerConnectivity.swift in Sources */,
				CA37B9361F9D63F9007CE2EC /* MessageItem.swift in Sources */,
				CAE361ED1F896C9B007FE69F /* ConversationsListViewController.swift in Sources */,
				CA6CF33A1F8A6624001DDA87 /* MessageCell.swift in Sources */,
			);
			runOnlyForDeploymentPostprocessing = 0;
		};
/* End PBXSourcesBuildPhase section */

/* Begin PBXVariantGroup section */
		CA8F62421F77189F004119A7 /* Main.storyboard */ = {
			isa = PBXVariantGroup;
			children = (
				CA8F62431F77189F004119A7 /* Base */,
			);
			name = Main.storyboard;
			sourceTree = "<group>";
		};
		CA8F62471F77189F004119A7 /* LaunchScreen.storyboard */ = {
			isa = PBXVariantGroup;
			children = (
				CA8F62481F77189F004119A7 /* Base */,
			);
			name = LaunchScreen.storyboard;
			sourceTree = "<group>";
		};
		CAAC831D1FA8549600AB285E /* Profile.storyboard */ = {
			isa = PBXVariantGroup;
			children = (
				CAAC831E1FA8549600AB285E /* Base */,
			);
			name = Profile.storyboard;
			sourceTree = "<group>";
		};
/* End PBXVariantGroup section */

/* Begin XCBuildConfiguration section */
		CA8F624B1F77189F004119A7 /* Debug */ = {
			isa = XCBuildConfiguration;
			buildSettings = {
				ALWAYS_SEARCH_USER_PATHS = NO;
				CLANG_ANALYZER_NONNULL = YES;
				CLANG_ANALYZER_NUMBER_OBJECT_CONVERSION = YES_AGGRESSIVE;
				CLANG_CXX_LANGUAGE_STANDARD = "gnu++14";
				CLANG_CXX_LIBRARY = "libc++";
				CLANG_ENABLE_MODULES = YES;
				CLANG_ENABLE_OBJC_ARC = YES;
				CLANG_WARN_BLOCK_CAPTURE_AUTORELEASING = YES;
				CLANG_WARN_BOOL_CONVERSION = YES;
				CLANG_WARN_COMMA = YES;
				CLANG_WARN_CONSTANT_CONVERSION = YES;
				CLANG_WARN_DIRECT_OBJC_ISA_USAGE = YES_ERROR;
				CLANG_WARN_DOCUMENTATION_COMMENTS = YES;
				CLANG_WARN_EMPTY_BODY = YES;
				CLANG_WARN_ENUM_CONVERSION = YES;
				CLANG_WARN_INFINITE_RECURSION = YES;
				CLANG_WARN_INT_CONVERSION = YES;
				CLANG_WARN_NON_LITERAL_NULL_CONVERSION = YES;
				CLANG_WARN_OBJC_LITERAL_CONVERSION = YES;
				CLANG_WARN_OBJC_ROOT_CLASS = YES_ERROR;
				CLANG_WARN_RANGE_LOOP_ANALYSIS = YES;
				CLANG_WARN_STRICT_PROTOTYPES = YES;
				CLANG_WARN_SUSPICIOUS_MOVE = YES;
				CLANG_WARN_UNGUARDED_AVAILABILITY = YES_AGGRESSIVE;
				CLANG_WARN_UNREACHABLE_CODE = YES;
				CLANG_WARN__DUPLICATE_METHOD_MATCH = YES;
				CODE_SIGN_IDENTITY = "iPhone Developer";
				COPY_PHASE_STRIP = NO;
				DEBUG_INFORMATION_FORMAT = dwarf;
				ENABLE_STRICT_OBJC_MSGSEND = YES;
				ENABLE_TESTABILITY = YES;
				GCC_C_LANGUAGE_STANDARD = gnu11;
				GCC_DYNAMIC_NO_PIC = NO;
				GCC_NO_COMMON_BLOCKS = YES;
				GCC_OPTIMIZATION_LEVEL = 0;
				GCC_PREPROCESSOR_DEFINITIONS = (
					"DEBUG=1",
					"$(inherited)",
				);
				GCC_WARN_64_TO_32_BIT_CONVERSION = YES;
				GCC_WARN_ABOUT_RETURN_TYPE = YES_ERROR;
				GCC_WARN_UNDECLARED_SELECTOR = YES;
				GCC_WARN_UNINITIALIZED_AUTOS = YES_AGGRESSIVE;
				GCC_WARN_UNUSED_FUNCTION = YES;
				GCC_WARN_UNUSED_VARIABLE = YES;
				IPHONEOS_DEPLOYMENT_TARGET = 11.0;
				MTL_ENABLE_DEBUG_INFO = YES;
				ONLY_ACTIVE_ARCH = YES;
				SDKROOT = iphoneos;
				SWIFT_ACTIVE_COMPILATION_CONDITIONS = DEBUG;
				SWIFT_OPTIMIZATION_LEVEL = "-Onone";
			};
			name = Debug;
		};
		CA8F624C1F77189F004119A7 /* Release */ = {
			isa = XCBuildConfiguration;
			buildSettings = {
				ALWAYS_SEARCH_USER_PATHS = NO;
				CLANG_ANALYZER_NONNULL = YES;
				CLANG_ANALYZER_NUMBER_OBJECT_CONVERSION = YES_AGGRESSIVE;
				CLANG_CXX_LANGUAGE_STANDARD = "gnu++14";
				CLANG_CXX_LIBRARY = "libc++";
				CLANG_ENABLE_MODULES = YES;
				CLANG_ENABLE_OBJC_ARC = YES;
				CLANG_WARN_BLOCK_CAPTURE_AUTORELEASING = YES;
				CLANG_WARN_BOOL_CONVERSION = YES;
				CLANG_WARN_COMMA = YES;
				CLANG_WARN_CONSTANT_CONVERSION = YES;
				CLANG_WARN_DIRECT_OBJC_ISA_USAGE = YES_ERROR;
				CLANG_WARN_DOCUMENTATION_COMMENTS = YES;
				CLANG_WARN_EMPTY_BODY = YES;
				CLANG_WARN_ENUM_CONVERSION = YES;
				CLANG_WARN_INFINITE_RECURSION = YES;
				CLANG_WARN_INT_CONVERSION = YES;
				CLANG_WARN_NON_LITERAL_NULL_CONVERSION = YES;
				CLANG_WARN_OBJC_LITERAL_CONVERSION = YES;
				CLANG_WARN_OBJC_ROOT_CLASS = YES_ERROR;
				CLANG_WARN_RANGE_LOOP_ANALYSIS = YES;
				CLANG_WARN_STRICT_PROTOTYPES = YES;
				CLANG_WARN_SUSPICIOUS_MOVE = YES;
				CLANG_WARN_UNGUARDED_AVAILABILITY = YES_AGGRESSIVE;
				CLANG_WARN_UNREACHABLE_CODE = YES;
				CLANG_WARN__DUPLICATE_METHOD_MATCH = YES;
				CODE_SIGN_IDENTITY = "iPhone Developer";
				COPY_PHASE_STRIP = NO;
				DEBUG_INFORMATION_FORMAT = "dwarf-with-dsym";
				ENABLE_NS_ASSERTIONS = NO;
				ENABLE_STRICT_OBJC_MSGSEND = YES;
				GCC_C_LANGUAGE_STANDARD = gnu11;
				GCC_NO_COMMON_BLOCKS = YES;
				GCC_WARN_64_TO_32_BIT_CONVERSION = YES;
				GCC_WARN_ABOUT_RETURN_TYPE = YES_ERROR;
				GCC_WARN_UNDECLARED_SELECTOR = YES;
				GCC_WARN_UNINITIALIZED_AUTOS = YES_AGGRESSIVE;
				GCC_WARN_UNUSED_FUNCTION = YES;
				GCC_WARN_UNUSED_VARIABLE = YES;
				IPHONEOS_DEPLOYMENT_TARGET = 11.0;
				MTL_ENABLE_DEBUG_INFO = NO;
				SDKROOT = iphoneos;
				SWIFT_OPTIMIZATION_LEVEL = "-Owholemodule";
				VALIDATE_PRODUCT = YES;
			};
			name = Release;
		};
		CA8F624E1F77189F004119A7 /* Debug */ = {
			isa = XCBuildConfiguration;
			buildSettings = {
				ASSETCATALOG_COMPILER_APPICON_NAME = AppIcon;
				CODE_SIGN_STYLE = Automatic;
				DEVELOPMENT_TEAM = BZ5C8942NC;
				INFOPLIST_FILE = "$(SRCROOT)/Tinkoff-Homework/Supporting Files/Info.plist";
				IPHONEOS_DEPLOYMENT_TARGET = 10.3;
				LD_RUNPATH_SEARCH_PATHS = "$(inherited) @executable_path/Frameworks";
				PRODUCT_BUNDLE_IDENTIFIER = "Volodin-Enterprise.Tinkoff-Homework";
				PRODUCT_NAME = "$(TARGET_NAME)";
				SWIFT_VERSION = 4.0;
				TARGETED_DEVICE_FAMILY = 1;
			};
			name = Debug;
		};
		CA8F624F1F77189F004119A7 /* Release */ = {
			isa = XCBuildConfiguration;
			buildSettings = {
				ASSETCATALOG_COMPILER_APPICON_NAME = AppIcon;
				CODE_SIGN_STYLE = Automatic;
				DEVELOPMENT_TEAM = BZ5C8942NC;
				INFOPLIST_FILE = "$(SRCROOT)/Tinkoff-Homework/Supporting Files/Info.plist";
				IPHONEOS_DEPLOYMENT_TARGET = 10.3;
				LD_RUNPATH_SEARCH_PATHS = "$(inherited) @executable_path/Frameworks";
				PRODUCT_BUNDLE_IDENTIFIER = "Volodin-Enterprise.Tinkoff-Homework";
				PRODUCT_NAME = "$(TARGET_NAME)";
				SWIFT_VERSION = 4.0;
				TARGETED_DEVICE_FAMILY = 1;
			};
			name = Release;
		};
/* End XCBuildConfiguration section */

/* Begin XCConfigurationList section */
		CA8F62361F77189F004119A7 /* Build configuration list for PBXProject "Tinkoff-Homework" */ = {
			isa = XCConfigurationList;
			buildConfigurations = (
				CA8F624B1F77189F004119A7 /* Debug */,
				CA8F624C1F77189F004119A7 /* Release */,
			);
			defaultConfigurationIsVisible = 0;
			defaultConfigurationName = Release;
		};
		CA8F624D1F77189F004119A7 /* Build configuration list for PBXNativeTarget "Tinkoff-Homework" */ = {
			isa = XCConfigurationList;
			buildConfigurations = (
				CA8F624E1F77189F004119A7 /* Debug */,
				CA8F624F1F77189F004119A7 /* Release */,
			);
			defaultConfigurationIsVisible = 0;
			defaultConfigurationName = Release;
		};
/* End XCConfigurationList section */
	};
	rootObject = CA8F62331F77189F004119A7 /* Project object */;
}
