// !$*UTF8*$!
{
	archiveVersion = 1;
	classes = {
	};
	objectVersion = 48;
	objects = {

/* Begin PBXBuildFile section */
		CA2F2D111FA880150024A717 /* ConversationsListViewController.swift in Sources */ = {isa = PBXBuildFile; fileRef = CA2F2D0F1FA880150024A717 /* ConversationsListViewController.swift */; };
		CA2F2D121FA880150024A717 /* ConversationsListViewController.xib in Resources */ = {isa = PBXBuildFile; fileRef = CA2F2D101FA880150024A717 /* ConversationsListViewController.xib */; };
		CA2F2D151FA881F90024A717 /* ConversationCell.swift in Sources */ = {isa = PBXBuildFile; fileRef = CA2F2D131FA881F90024A717 /* ConversationCell.swift */; };
		CA2F2D161FA881F90024A717 /* ConversationCell.xib in Resources */ = {isa = PBXBuildFile; fileRef = CA2F2D141FA881F90024A717 /* ConversationCell.xib */; };
		CA37046D1FA8BEB200B5B6C1 /* CommunicationManager.swift in Sources */ = {isa = PBXBuildFile; fileRef = CA37046B1FA8BEB200B5B6C1 /* CommunicationManager.swift */; };
		CA37B9341F9D638F007CE2EC /* ConversationItem.swift in Sources */ = {isa = PBXBuildFile; fileRef = CA37B9331F9D638F007CE2EC /* ConversationItem.swift */; };
		CA37B9361F9D63F9007CE2EC /* MessageItem.swift in Sources */ = {isa = PBXBuildFile; fileRef = CA37B9351F9D63F9007CE2EC /* MessageItem.swift */; };
		CA3858A41FA88FB900DC6A6F /* RootAssembly.swift in Sources */ = {isa = PBXBuildFile; fileRef = CA3858A31FA88FB900DC6A6F /* RootAssembly.swift */; };
		CA46EFB11FB8FAA000963A72 /* ConversationsListDataProvider.swift in Sources */ = {isa = PBXBuildFile; fileRef = CA46EFB01FB8FAA000963A72 /* ConversationsListDataProvider.swift */; };
		CA46EFB31FB8FBF200963A72 /* FetchRequestFactory.swift in Sources */ = {isa = PBXBuildFile; fileRef = CA46EFB21FB8FBF200963A72 /* FetchRequestFactory.swift */; };
		CA46EFB81FB9992500963A72 /* AppUser.swift in Sources */ = {isa = PBXBuildFile; fileRef = CA46EFB71FB9992500963A72 /* AppUser.swift */; };
		CA46EFBA1FB9994B00963A72 /* User.swift in Sources */ = {isa = PBXBuildFile; fileRef = CA46EFB91FB9994B00963A72 /* User.swift */; };
		CA46EFBC1FB9996400963A72 /* ConversationEntity.swift in Sources */ = {isa = PBXBuildFile; fileRef = CA46EFBB1FB9996400963A72 /* ConversationEntity.swift */; };
		CA46EFBE1FB9997E00963A72 /* MessageEntity.swift in Sources */ = {isa = PBXBuildFile; fileRef = CA46EFBD1FB9997E00963A72 /* MessageEntity.swift */; };
		CA46EFC01FB99D1C00963A72 /* ConversationStorageManager.swift in Sources */ = {isa = PBXBuildFile; fileRef = CA46EFBF1FB99D1C00963A72 /* ConversationStorageManager.swift */; };
		CA5772A31FC32E9100DD7115 /* ChooseImageModel.swift in Sources */ = {isa = PBXBuildFile; fileRef = CA5772A21FC32E9100DD7115 /* ChooseImageModel.swift */; };
		CA5772A51FC32EB300DD7115 /* ChooseImageAssembly.swift in Sources */ = {isa = PBXBuildFile; fileRef = CA5772A41FC32EB300DD7115 /* ChooseImageAssembly.swift */; };
		CA66ADA71FAF19B5000BB8E7 /* CoreDataStack.swift in Sources */ = {isa = PBXBuildFile; fileRef = CA66ADA61FAF19B5000BB8E7 /* CoreDataStack.swift */; };
		CA66ADAD1FAF1AEE000BB8E7 /* Chat.xcdatamodeld in Sources */ = {isa = PBXBuildFile; fileRef = CA66ADAB1FAF1AEE000BB8E7 /* Chat.xcdatamodeld */; };
		CA66ADAF1FAF474D000BB8E7 /* StorageManager.swift in Sources */ = {isa = PBXBuildFile; fileRef = CA66ADAE1FAF474D000BB8E7 /* StorageManager.swift */; };
		CA66ADB11FAF69A1000BB8E7 /* Profile.swift in Sources */ = {isa = PBXBuildFile; fileRef = CA66ADB01FAF69A1000BB8E7 /* Profile.swift */; };
		CA66ADB31FAF945B000BB8E7 /* IProfileLoaderProtocol.swift in Sources */ = {isa = PBXBuildFile; fileRef = CA66ADB21FAF945B000BB8E7 /* IProfileLoaderProtocol.swift */; };
		CA8F623F1F77189F004119A7 /* AppDelegate.swift in Sources */ = {isa = PBXBuildFile; fileRef = CA8F623E1F77189F004119A7 /* AppDelegate.swift */; };
		CA8F62461F77189F004119A7 /* Assets.xcassets in Resources */ = {isa = PBXBuildFile; fileRef = CA8F62451F77189F004119A7 /* Assets.xcassets */; };
		CA8F62511F771B4D004119A7 /* Media.xcassets in Resources */ = {isa = PBXBuildFile; fileRef = CA8F62501F771B4D004119A7 /* Media.xcassets */; };
		CAA730531FA8A84C000F7C1C /* ProfileView.xib in Resources */ = {isa = PBXBuildFile; fileRef = CAA730501FA8A84C000F7C1C /* ProfileView.xib */; };
		CAA730541FA8A84C000F7C1C /* ProfileAssembly.swift in Sources */ = {isa = PBXBuildFile; fileRef = CAA730511FA8A84C000F7C1C /* ProfileAssembly.swift */; };
		CAA730551FA8A84C000F7C1C /* ProfileModel.swift in Sources */ = {isa = PBXBuildFile; fileRef = CAA730521FA8A84C000F7C1C /* ProfileModel.swift */; };
		CAA730571FA8A917000F7C1C /* ProfileViewController.swift in Sources */ = {isa = PBXBuildFile; fileRef = CAA730561FA8A917000F7C1C /* ProfileViewController.swift */; };
		CAA7305A1FA8A98C000F7C1C /* ProfileService.swift in Sources */ = {isa = PBXBuildFile; fileRef = CAA730581FA8A98B000F7C1C /* ProfileService.swift */; };
		CAA730601FA8AB34000F7C1C /* IProfileStorage.swift in Sources */ = {isa = PBXBuildFile; fileRef = CAA7305C1FA8AB34000F7C1C /* IProfileStorage.swift */; };
		CAA730611FA8AB34000F7C1C /* GCD.swift in Sources */ = {isa = PBXBuildFile; fileRef = CAA7305D1FA8AB34000F7C1C /* GCD.swift */; };
		CAA730621FA8AB34000F7C1C /* Operation.swift in Sources */ = {isa = PBXBuildFile; fileRef = CAA7305E1FA8AB34000F7C1C /* Operation.swift */; };
		CAA7306F1FA8AF81000F7C1C /* ConversationViewController.xib in Resources */ = {isa = PBXBuildFile; fileRef = CAA730661FA8AF80000F7C1C /* ConversationViewController.xib */; };
		CAA730701FA8AF81000F7C1C /* ConversationViewController.swift in Sources */ = {isa = PBXBuildFile; fileRef = CAA730671FA8AF80000F7C1C /* ConversationViewController.swift */; };
		CAA730721FA8AF81000F7C1C /* MessageCell.swift in Sources */ = {isa = PBXBuildFile; fileRef = CAA730691FA8AF80000F7C1C /* MessageCell.swift */; };
		CAA730731FA8AF81000F7C1C /* OutcomeMessageCell.xib in Resources */ = {isa = PBXBuildFile; fileRef = CAA7306A1FA8AF80000F7C1C /* OutcomeMessageCell.xib */; };
		CAA730741FA8AF81000F7C1C /* ConversationAssembly.swift in Sources */ = {isa = PBXBuildFile; fileRef = CAA7306B1FA8AF80000F7C1C /* ConversationAssembly.swift */; };
		CAA730751FA8AF81000F7C1C /* ConversationModel.swift in Sources */ = {isa = PBXBuildFile; fileRef = CAA7306C1FA8AF80000F7C1C /* ConversationModel.swift */; };
		CAA730761FA8AF81000F7C1C /* IncomeMessageCell.xib in Resources */ = {isa = PBXBuildFile; fileRef = CAA7306D1FA8AF81000F7C1C /* IncomeMessageCell.xib */; };
		CAAE9B811F9CFD9E00FCFC39 /* MultipeerCommunicator.swift in Sources */ = {isa = PBXBuildFile; fileRef = CAAE9B801F9CFD9E00FCFC39 /* MultipeerCommunicator.swift */; };
		CAD777FD1FA88CB40081A510 /* ConversationsListModel.swift in Sources */ = {isa = PBXBuildFile; fileRef = CAD777FC1FA88CB40081A510 /* ConversationsListModel.swift */; };
		CAD777FF1FA88CD50081A510 /* ConversationsListAssembly.swift in Sources */ = {isa = PBXBuildFile; fileRef = CAD777FE1FA88CD50081A510 /* ConversationsListAssembly.swift */; };
		CADA4C3E1FC339B70006B22E /* ChooseImageViewController.swift in Sources */ = {isa = PBXBuildFile; fileRef = CADA4C3C1FC339B70006B22E /* ChooseImageViewController.swift */; };
		CADA4C3F1FC339B70006B22E /* ChooseImageViewController.xib in Resources */ = {isa = PBXBuildFile; fileRef = CADA4C3D1FC339B70006B22E /* ChooseImageViewController.xib */; };
		CADA4C421FC3519E0006B22E /* ImageCell.swift in Sources */ = {isa = PBXBuildFile; fileRef = CADA4C401FC3519E0006B22E /* ImageCell.swift */; };
		CADA4C431FC3519E0006B22E /* ImageCell.xib in Resources */ = {isa = PBXBuildFile; fileRef = CADA4C411FC3519E0006B22E /* ImageCell.xib */; };
		CADA4C451FC37A3F0006B22E /* ImageService.swift in Sources */ = {isa = PBXBuildFile; fileRef = CADA4C441FC37A3F0006B22E /* ImageService.swift */; };
		CADA4C481FC388B40006B22E /* IRequest.swift in Sources */ = {isa = PBXBuildFile; fileRef = CADA4C471FC388B40006B22E /* IRequest.swift */; };
		CADA4C4D1FC389AF0006B22E /* RequestSender.swift in Sources */ = {isa = PBXBuildFile; fileRef = CADA4C4C1FC389AF0006B22E /* RequestSender.swift */; };
		CADA4C4F1FC38D100006B22E /* RequestsFactory.swift in Sources */ = {isa = PBXBuildFile; fileRef = CADA4C4E1FC38D100006B22E /* RequestsFactory.swift */; };
		CADA4C511FC38DBB0006B22E /* ListOfImagesRequest.swift in Sources */ = {isa = PBXBuildFile; fileRef = CADA4C501FC38DBB0006B22E /* ListOfImagesRequest.swift */; };
		CADA4C531FC38DD20006B22E /* ImageRequest.swift in Sources */ = {isa = PBXBuildFile; fileRef = CADA4C521FC38DD20006B22E /* ImageRequest.swift */; };
		CADA4C551FC39B570006B22E /* Parser.swift in Sources */ = {isa = PBXBuildFile; fileRef = CADA4C541FC39B570006B22E /* Parser.swift */; };
		CADA4C571FC39BAE0006B22E /* ListOfImagesParser.swift in Sources */ = {isa = PBXBuildFile; fileRef = CADA4C561FC39BAE0006B22E /* ListOfImagesParser.swift */; };
		CADA4C591FC3AB4C0006B22E /* ImageParser.swift in Sources */ = {isa = PBXBuildFile; fileRef = CADA4C581FC3AB4C0006B22E /* ImageParser.swift */; };
		CAF7FAAF1FBA4B3800BFFCC6 /* ConversationManager.swift in Sources */ = {isa = PBXBuildFile; fileRef = CAF7FAAE1FBA4B3800BFFCC6 /* ConversationManager.swift */; };
		CAF7FAB11FBA4FD200BFFCC6 /* ConversationDataProvider.swift in Sources */ = {isa = PBXBuildFile; fileRef = CAF7FAB01FBA4FD200BFFCC6 /* ConversationDataProvider.swift */; };
/* End PBXBuildFile section */

/* Begin PBXFileReference section */
		CA2F2D0F1FA880150024A717 /* ConversationsListViewController.swift */ = {isa = PBXFileReference; lastKnownFileType = sourcecode.swift; path = ConversationsListViewController.swift; sourceTree = "<group>"; };
		CA2F2D101FA880150024A717 /* ConversationsListViewController.xib */ = {isa = PBXFileReference; lastKnownFileType = file.xib; path = ConversationsListViewController.xib; sourceTree = "<group>"; };
		CA2F2D131FA881F90024A717 /* ConversationCell.swift */ = {isa = PBXFileReference; lastKnownFileType = sourcecode.swift; path = ConversationCell.swift; sourceTree = "<group>"; };
		CA2F2D141FA881F90024A717 /* ConversationCell.xib */ = {isa = PBXFileReference; lastKnownFileType = file.xib; path = ConversationCell.xib; sourceTree = "<group>"; };
		CA37046B1FA8BEB200B5B6C1 /* CommunicationManager.swift */ = {isa = PBXFileReference; fileEncoding = 4; lastKnownFileType = sourcecode.swift; name = CommunicationManager.swift; path = "Tinkoff-Homework/OLD/Models/PeerToPeer/CommunicationManager.swift"; sourceTree = SOURCE_ROOT; };
		CA37B9331F9D638F007CE2EC /* ConversationItem.swift */ = {isa = PBXFileReference; lastKnownFileType = sourcecode.swift; path = ConversationItem.swift; sourceTree = "<group>"; };
		CA37B9351F9D63F9007CE2EC /* MessageItem.swift */ = {isa = PBXFileReference; lastKnownFileType = sourcecode.swift; path = MessageItem.swift; sourceTree = "<group>"; };
		CA3858A31FA88FB900DC6A6F /* RootAssembly.swift */ = {isa = PBXFileReference; lastKnownFileType = sourcecode.swift; path = RootAssembly.swift; sourceTree = "<group>"; };
		CA46EFB01FB8FAA000963A72 /* ConversationsListDataProvider.swift */ = {isa = PBXFileReference; lastKnownFileType = sourcecode.swift; path = ConversationsListDataProvider.swift; sourceTree = "<group>"; };
		CA46EFB21FB8FBF200963A72 /* FetchRequestFactory.swift */ = {isa = PBXFileReference; lastKnownFileType = sourcecode.swift; path = FetchRequestFactory.swift; sourceTree = "<group>"; };
		CA46EFB71FB9992500963A72 /* AppUser.swift */ = {isa = PBXFileReference; lastKnownFileType = sourcecode.swift; path = AppUser.swift; sourceTree = "<group>"; };
		CA46EFB91FB9994B00963A72 /* User.swift */ = {isa = PBXFileReference; lastKnownFileType = sourcecode.swift; path = User.swift; sourceTree = "<group>"; };
		CA46EFBB1FB9996400963A72 /* ConversationEntity.swift */ = {isa = PBXFileReference; lastKnownFileType = sourcecode.swift; path = ConversationEntity.swift; sourceTree = "<group>"; };
		CA46EFBD1FB9997E00963A72 /* MessageEntity.swift */ = {isa = PBXFileReference; lastKnownFileType = sourcecode.swift; path = MessageEntity.swift; sourceTree = "<group>"; };
		CA46EFBF1FB99D1C00963A72 /* ConversationStorageManager.swift */ = {isa = PBXFileReference; lastKnownFileType = sourcecode.swift; path = ConversationStorageManager.swift; sourceTree = "<group>"; };
		CA5772A21FC32E9100DD7115 /* ChooseImageModel.swift */ = {isa = PBXFileReference; lastKnownFileType = sourcecode.swift; path = ChooseImageModel.swift; sourceTree = "<group>"; };
		CA5772A41FC32EB300DD7115 /* ChooseImageAssembly.swift */ = {isa = PBXFileReference; lastKnownFileType = sourcecode.swift; path = ChooseImageAssembly.swift; sourceTree = "<group>"; };
		CA66ADA61FAF19B5000BB8E7 /* CoreDataStack.swift */ = {isa = PBXFileReference; lastKnownFileType = sourcecode.swift; path = CoreDataStack.swift; sourceTree = "<group>"; };
		CA66ADAC1FAF1AEE000BB8E7 /* Chat.xcdatamodel */ = {isa = PBXFileReference; lastKnownFileType = wrapper.xcdatamodel; path = Chat.xcdatamodel; sourceTree = "<group>"; };
		CA66ADAE1FAF474D000BB8E7 /* StorageManager.swift */ = {isa = PBXFileReference; lastKnownFileType = sourcecode.swift; path = StorageManager.swift; sourceTree = "<group>"; };
		CA66ADB01FAF69A1000BB8E7 /* Profile.swift */ = {isa = PBXFileReference; lastKnownFileType = sourcecode.swift; path = Profile.swift; sourceTree = "<group>"; };
		CA66ADB21FAF945B000BB8E7 /* IProfileLoaderProtocol.swift */ = {isa = PBXFileReference; lastKnownFileType = sourcecode.swift; path = IProfileLoaderProtocol.swift; sourceTree = "<group>"; };
		CA8F623B1F77189F004119A7 /* Tinkoff-Homework.app */ = {isa = PBXFileReference; explicitFileType = wrapper.application; includeInIndex = 0; path = "Tinkoff-Homework.app"; sourceTree = BUILT_PRODUCTS_DIR; };
		CA8F623E1F77189F004119A7 /* AppDelegate.swift */ = {isa = PBXFileReference; lastKnownFileType = sourcecode.swift; path = AppDelegate.swift; sourceTree = "<group>"; };
		CA8F62451F77189F004119A7 /* Assets.xcassets */ = {isa = PBXFileReference; lastKnownFileType = folder.assetcatalog; path = Assets.xcassets; sourceTree = "<group>"; };
		CA8F624A1F77189F004119A7 /* Info.plist */ = {isa = PBXFileReference; lastKnownFileType = text.plist.xml; path = Info.plist; sourceTree = "<group>"; };
		CA8F62501F771B4D004119A7 /* Media.xcassets */ = {isa = PBXFileReference; lastKnownFileType = folder.assetcatalog; path = Media.xcassets; sourceTree = "<group>"; };
		CAA730501FA8A84C000F7C1C /* ProfileView.xib */ = {isa = PBXFileReference; fileEncoding = 4; lastKnownFileType = file.xib; path = ProfileView.xib; sourceTree = "<group>"; };
		CAA730511FA8A84C000F7C1C /* ProfileAssembly.swift */ = {isa = PBXFileReference; fileEncoding = 4; lastKnownFileType = sourcecode.swift; path = ProfileAssembly.swift; sourceTree = "<group>"; };
		CAA730521FA8A84C000F7C1C /* ProfileModel.swift */ = {isa = PBXFileReference; fileEncoding = 4; lastKnownFileType = sourcecode.swift; path = ProfileModel.swift; sourceTree = "<group>"; };
		CAA730561FA8A917000F7C1C /* ProfileViewController.swift */ = {isa = PBXFileReference; fileEncoding = 4; lastKnownFileType = sourcecode.swift; path = ProfileViewController.swift; sourceTree = "<group>"; };
		CAA730581FA8A98B000F7C1C /* ProfileService.swift */ = {isa = PBXFileReference; fileEncoding = 4; lastKnownFileType = sourcecode.swift; path = ProfileService.swift; sourceTree = "<group>"; };
		CAA7305C1FA8AB34000F7C1C /* IProfileStorage.swift */ = {isa = PBXFileReference; fileEncoding = 4; lastKnownFileType = sourcecode.swift; path = IProfileStorage.swift; sourceTree = "<group>"; };
		CAA7305D1FA8AB34000F7C1C /* GCD.swift */ = {isa = PBXFileReference; fileEncoding = 4; lastKnownFileType = sourcecode.swift; path = GCD.swift; sourceTree = "<group>"; };
		CAA7305E1FA8AB34000F7C1C /* Operation.swift */ = {isa = PBXFileReference; fileEncoding = 4; lastKnownFileType = sourcecode.swift; path = Operation.swift; sourceTree = "<group>"; };
		CAA730661FA8AF80000F7C1C /* ConversationViewController.xib */ = {isa = PBXFileReference; fileEncoding = 4; lastKnownFileType = file.xib; path = ConversationViewController.xib; sourceTree = "<group>"; };
		CAA730671FA8AF80000F7C1C /* ConversationViewController.swift */ = {isa = PBXFileReference; fileEncoding = 4; lastKnownFileType = sourcecode.swift; path = ConversationViewController.swift; sourceTree = "<group>"; };
		CAA730691FA8AF80000F7C1C /* MessageCell.swift */ = {isa = PBXFileReference; fileEncoding = 4; lastKnownFileType = sourcecode.swift; path = MessageCell.swift; sourceTree = "<group>"; };
		CAA7306A1FA8AF80000F7C1C /* OutcomeMessageCell.xib */ = {isa = PBXFileReference; fileEncoding = 4; lastKnownFileType = file.xib; path = OutcomeMessageCell.xib; sourceTree = "<group>"; };
		CAA7306B1FA8AF80000F7C1C /* ConversationAssembly.swift */ = {isa = PBXFileReference; fileEncoding = 4; lastKnownFileType = sourcecode.swift; path = ConversationAssembly.swift; sourceTree = "<group>"; };
		CAA7306C1FA8AF80000F7C1C /* ConversationModel.swift */ = {isa = PBXFileReference; fileEncoding = 4; lastKnownFileType = sourcecode.swift; path = ConversationModel.swift; sourceTree = "<group>"; };
		CAA7306D1FA8AF81000F7C1C /* IncomeMessageCell.xib */ = {isa = PBXFileReference; fileEncoding = 4; lastKnownFileType = file.xib; path = IncomeMessageCell.xib; sourceTree = "<group>"; };
		CAAE9B801F9CFD9E00FCFC39 /* MultipeerCommunicator.swift */ = {isa = PBXFileReference; lastKnownFileType = sourcecode.swift; path = MultipeerCommunicator.swift; sourceTree = "<group>"; };
		CAD777FC1FA88CB40081A510 /* ConversationsListModel.swift */ = {isa = PBXFileReference; lastKnownFileType = sourcecode.swift; path = ConversationsListModel.swift; sourceTree = "<group>"; };
		CAD777FE1FA88CD50081A510 /* ConversationsListAssembly.swift */ = {isa = PBXFileReference; lastKnownFileType = sourcecode.swift; path = ConversationsListAssembly.swift; sourceTree = "<group>"; };
		CADA4C3C1FC339B70006B22E /* ChooseImageViewController.swift */ = {isa = PBXFileReference; lastKnownFileType = sourcecode.swift; path = ChooseImageViewController.swift; sourceTree = "<group>"; };
		CADA4C3D1FC339B70006B22E /* ChooseImageViewController.xib */ = {isa = PBXFileReference; lastKnownFileType = file.xib; path = ChooseImageViewController.xib; sourceTree = "<group>"; };
		CADA4C401FC3519E0006B22E /* ImageCell.swift */ = {isa = PBXFileReference; lastKnownFileType = sourcecode.swift; path = ImageCell.swift; sourceTree = "<group>"; };
		CADA4C411FC3519E0006B22E /* ImageCell.xib */ = {isa = PBXFileReference; lastKnownFileType = file.xib; path = ImageCell.xib; sourceTree = "<group>"; };
		CADA4C441FC37A3F0006B22E /* ImageService.swift */ = {isa = PBXFileReference; lastKnownFileType = sourcecode.swift; path = ImageService.swift; sourceTree = "<group>"; };
		CADA4C471FC388B40006B22E /* IRequest.swift */ = {isa = PBXFileReference; lastKnownFileType = sourcecode.swift; path = IRequest.swift; sourceTree = "<group>"; };
		CADA4C4C1FC389AF0006B22E /* RequestSender.swift */ = {isa = PBXFileReference; lastKnownFileType = sourcecode.swift; path = RequestSender.swift; sourceTree = "<group>"; };
		CADA4C4E1FC38D100006B22E /* RequestsFactory.swift */ = {isa = PBXFileReference; lastKnownFileType = sourcecode.swift; path = RequestsFactory.swift; sourceTree = "<group>"; };
		CADA4C501FC38DBB0006B22E /* ListOfImagesRequest.swift */ = {isa = PBXFileReference; lastKnownFileType = sourcecode.swift; path = ListOfImagesRequest.swift; sourceTree = "<group>"; };
		CADA4C521FC38DD20006B22E /* ImageRequest.swift */ = {isa = PBXFileReference; lastKnownFileType = sourcecode.swift; path = ImageRequest.swift; sourceTree = "<group>"; };
		CADA4C541FC39B570006B22E /* Parser.swift */ = {isa = PBXFileReference; lastKnownFileType = sourcecode.swift; path = Parser.swift; sourceTree = "<group>"; };
		CADA4C561FC39BAE0006B22E /* ListOfImagesParser.swift */ = {isa = PBXFileReference; lastKnownFileType = sourcecode.swift; path = ListOfImagesParser.swift; sourceTree = "<group>"; };
		CADA4C581FC3AB4C0006B22E /* ImageParser.swift */ = {isa = PBXFileReference; lastKnownFileType = sourcecode.swift; path = ImageParser.swift; sourceTree = "<group>"; };
		CAF7FAAE1FBA4B3800BFFCC6 /* ConversationManager.swift */ = {isa = PBXFileReference; lastKnownFileType = sourcecode.swift; path = ConversationManager.swift; sourceTree = "<group>"; };
		CAF7FAB01FBA4FD200BFFCC6 /* ConversationDataProvider.swift */ = {isa = PBXFileReference; lastKnownFileType = sourcecode.swift; path = ConversationDataProvider.swift; sourceTree = "<group>"; };
/* End PBXFileReference section */

/* Begin PBXFrameworksBuildPhase section */
		CA8F62381F77189F004119A7 /* Frameworks */ = {
			isa = PBXFrameworksBuildPhase;
			buildActionMask = 2147483647;
			files = (
			);
			runOnlyForDeploymentPostprocessing = 0;
		};
/* End PBXFrameworksBuildPhase section */

/* Begin PBXGroup section */
		CA2F2D091FA87EDC0024A717 /* PresentationLayer */ = {
			isa = PBXGroup;
			children = (
				CA57729D1FC32D5E00DD7115 /* ChooseImageModule */,
				CAA45D1B1FB8CEA30089EAFA /* ViewModel */,
				CA2F2D0E1FA87FC10024A717 /* ProfileModule */,
				CA2F2D0D1FA87FA40024A717 /* ConversationModule */,
				CA2F2D0C1FA87F170024A717 /* ConversationsListModule */,
			);
			path = PresentationLayer;
			sourceTree = "<group>";
		};
		CA2F2D0A1FA87EEC0024A717 /* ServiceLayer */ = {
			isa = PBXGroup;
			children = (
				CA37046B1FA8BEB200B5B6C1 /* CommunicationManager.swift */,
				CAA730581FA8A98B000F7C1C /* ProfileService.swift */,
				CAF7FAAE1FBA4B3800BFFCC6 /* ConversationManager.swift */,
				CADA4C441FC37A3F0006B22E /* ImageService.swift */,
			);
			path = ServiceLayer;
			sourceTree = "<group>";
		};
		CA2F2D0B1FA87EF70024A717 /* CoreLayer */ = {
			isa = PBXGroup;
			children = (
				CADA4C461FC388A20006B22E /* Network */,
				CA66ADA51FAF1998000BB8E7 /* Database */,
				CAA730651FA8ADA8000F7C1C /* PeerToPeer */,
				CAA730641FA8AD8F000F7C1C /* MultiThread */,
			);
			path = CoreLayer;
			sourceTree = "<group>";
		};
		CA2F2D0C1FA87F170024A717 /* ConversationsListModule */ = {
			isa = PBXGroup;
			children = (
				CA2F2D0F1FA880150024A717 /* ConversationsListViewController.swift */,
				CA2F2D131FA881F90024A717 /* ConversationCell.swift */,
				CA2F2D101FA880150024A717 /* ConversationsListViewController.xib */,
				CA2F2D141FA881F90024A717 /* ConversationCell.xib */,
				CAD777FC1FA88CB40081A510 /* ConversationsListModel.swift */,
				CAD777FE1FA88CD50081A510 /* ConversationsListAssembly.swift */,
			);
			path = ConversationsListModule;
			sourceTree = "<group>";
		};
		CA2F2D0D1FA87FA40024A717 /* ConversationModule */ = {
			isa = PBXGroup;
			children = (
				CAA730671FA8AF80000F7C1C /* ConversationViewController.swift */,
				CAA730661FA8AF80000F7C1C /* ConversationViewController.xib */,
				CAA7306B1FA8AF80000F7C1C /* ConversationAssembly.swift */,
				CAA7306C1FA8AF80000F7C1C /* ConversationModel.swift */,
				CAA7306D1FA8AF81000F7C1C /* IncomeMessageCell.xib */,
				CAA730691FA8AF80000F7C1C /* MessageCell.swift */,
				CAA7306A1FA8AF80000F7C1C /* OutcomeMessageCell.xib */,
			);
			path = ConversationModule;
			sourceTree = "<group>";
		};
		CA2F2D0E1FA87FC10024A717 /* ProfileModule */ = {
			isa = PBXGroup;
			children = (
				CAA730561FA8A917000F7C1C /* ProfileViewController.swift */,
				CAA730501FA8A84C000F7C1C /* ProfileView.xib */,
				CAA730511FA8A84C000F7C1C /* ProfileAssembly.swift */,
				CAA730521FA8A84C000F7C1C /* ProfileModel.swift */,
				CA66ADB01FAF69A1000BB8E7 /* Profile.swift */,
			);
			path = ProfileModule;
			sourceTree = "<group>";
		};
		CA46EFB41FB9982F00963A72 /* Profile */ = {
			isa = PBXGroup;
			children = (
				CAA7305C1FA8AB34000F7C1C /* IProfileStorage.swift */,
				CA66ADAE1FAF474D000BB8E7 /* StorageManager.swift */,
			);
			path = Profile;
			sourceTree = "<group>";
		};
		CA46EFB51FB9985600963A72 /* Entity */ = {
			isa = PBXGroup;
			children = (
				CA46EFB71FB9992500963A72 /* AppUser.swift */,
				CA46EFB91FB9994B00963A72 /* User.swift */,
				CA46EFBB1FB9996400963A72 /* ConversationEntity.swift */,
				CA46EFBD1FB9997E00963A72 /* MessageEntity.swift */,
			);
			path = Entity;
			sourceTree = "<group>";
		};
		CA46EFB61FB9986500963A72 /* Conversation */ = {
			isa = PBXGroup;
			children = (
				CA46EFBF1FB99D1C00963A72 /* ConversationStorageManager.swift */,
				CA46EFB21FB8FBF200963A72 /* FetchRequestFactory.swift */,
			);
			path = Conversation;
			sourceTree = "<group>";
		};
		CA57729D1FC32D5E00DD7115 /* ChooseImageModule */ = {
			isa = PBXGroup;
			children = (
				CA5772A21FC32E9100DD7115 /* ChooseImageModel.swift */,
				CA5772A41FC32EB300DD7115 /* ChooseImageAssembly.swift */,
				CADA4C3C1FC339B70006B22E /* ChooseImageViewController.swift */,
				CADA4C3D1FC339B70006B22E /* ChooseImageViewController.xib */,
				CADA4C401FC3519E0006B22E /* ImageCell.swift */,
				CADA4C411FC3519E0006B22E /* ImageCell.xib */,
			);
			path = ChooseImageModule;
			sourceTree = "<group>";
		};
		CA66ADA51FAF1998000BB8E7 /* Database */ = {
			isa = PBXGroup;
			children = (
				CAF7FAB01FBA4FD200BFFCC6 /* ConversationDataProvider.swift */,
				CA46EFB01FB8FAA000963A72 /* ConversationsListDataProvider.swift */,
				CA46EFB41FB9982F00963A72 /* Profile */,
				CA46EFB51FB9985600963A72 /* Entity */,
				CA46EFB61FB9986500963A72 /* Conversation */,
				CA66ADA61FAF19B5000BB8E7 /* CoreDataStack.swift */,
				CA66ADAB1FAF1AEE000BB8E7 /* Chat.xcdatamodeld */,
			);
			path = Database;
			sourceTree = "<group>";
		};
		CA8F62321F77189F004119A7 = {
			isa = PBXGroup;
			children = (
				CA8F623D1F77189F004119A7 /* Tinkoff-Homework */,
				CA8F623C1F77189F004119A7 /* Products */,
			);
			sourceTree = "<group>";
		};
		CA8F623C1F77189F004119A7 /* Products */ = {
			isa = PBXGroup;
			children = (
				CA8F623B1F77189F004119A7 /* Tinkoff-Homework.app */,
			);
			name = Products;
			sourceTree = "<group>";
		};
		CA8F623D1F77189F004119A7 /* Tinkoff-Homework */ = {
			isa = PBXGroup;
			children = (
				CA2F2D091FA87EDC0024A717 /* PresentationLayer */,
				CA2F2D0A1FA87EEC0024A717 /* ServiceLayer */,
				CA2F2D0B1FA87EF70024A717 /* CoreLayer */,
				CAAC83231FA8582500AB285E /* Assets */,
				CA8F623E1F77189F004119A7 /* AppDelegate.swift */,
				CA3858A31FA88FB900DC6A6F /* RootAssembly.swift */,
				CA8F624A1F77189F004119A7 /* Info.plist */,
			);
			path = "Tinkoff-Homework";
			sourceTree = "<group>";
		};
		CAA45D1B1FB8CEA30089EAFA /* ViewModel */ = {
			isa = PBXGroup;
			children = (
				CA37B9351F9D63F9007CE2EC /* MessageItem.swift */,
				CA37B9331F9D638F007CE2EC /* ConversationItem.swift */,
			);
			path = ViewModel;
			sourceTree = "<group>";
		};
		CAA730641FA8AD8F000F7C1C /* MultiThread */ = {
			isa = PBXGroup;
			children = (
				CAA7305D1FA8AB34000F7C1C /* GCD.swift */,
				CAA7305E1FA8AB34000F7C1C /* Operation.swift */,
				CA66ADB21FAF945B000BB8E7 /* IProfileLoaderProtocol.swift */,
			);
			path = MultiThread;
			sourceTree = "<group>";
		};
		CAA730651FA8ADA8000F7C1C /* PeerToPeer */ = {
			isa = PBXGroup;
			children = (
				CAAE9B801F9CFD9E00FCFC39 /* MultipeerCommunicator.swift */,
			);
			path = PeerToPeer;
			sourceTree = "<group>";
		};
		CAAC83231FA8582500AB285E /* Assets */ = {
			isa = PBXGroup;
			children = (
				CA8F62451F77189F004119A7 /* Assets.xcassets */,
				CA8F62501F771B4D004119A7 /* Media.xcassets */,
			);
			path = Assets;
			sourceTree = "<group>";
		};
		CADA4C461FC388A20006B22E /* Network */ = {
			isa = PBXGroup;
			children = (
				CADA4C4A1FC3899A0006B22E /* Parser */,
				CADA4C491FC389900006B22E /* Request */,
				CADA4C4C1FC389AF0006B22E /* RequestSender.swift */,
			);
			path = Network;
			sourceTree = "<group>";
		};
		CADA4C491FC389900006B22E /* Request */ = {
			isa = PBXGroup;
			children = (
				CADA4C471FC388B40006B22E /* IRequest.swift */,
				CADA4C4E1FC38D100006B22E /* RequestsFactory.swift */,
				CADA4C501FC38DBB0006B22E /* ListOfImagesRequest.swift */,
				CADA4C521FC38DD20006B22E /* ImageRequest.swift */,
			);
			path = Request;
			sourceTree = "<group>";
		};
		CADA4C4A1FC3899A0006B22E /* Parser */ = {
			isa = PBXGroup;
			children = (
				CADA4C541FC39B570006B22E /* Parser.swift */,
				CADA4C561FC39BAE0006B22E /* ListOfImagesParser.swift */,
				CADA4C581FC3AB4C0006B22E /* ImageParser.swift */,
			);
			path = Parser;
			sourceTree = "<group>";
		};
/* End PBXGroup section */

/* Begin PBXNativeTarget section */
		CA8F623A1F77189F004119A7 /* Tinkoff-Homework */ = {
			isa = PBXNativeTarget;
			buildConfigurationList = CA8F624D1F77189F004119A7 /* Build configuration list for PBXNativeTarget "Tinkoff-Homework" */;
			buildPhases = (
				CA8F62371F77189F004119A7 /* Sources */,
				CA8F62381F77189F004119A7 /* Frameworks */,
				CA8F62391F77189F004119A7 /* Resources */,
			);
			buildRules = (
			);
			dependencies = (
			);
			name = "Tinkoff-Homework";
			productName = "Tinkoff-Homework";
			productReference = CA8F623B1F77189F004119A7 /* Tinkoff-Homework.app */;
			productType = "com.apple.product-type.application";
		};
/* End PBXNativeTarget section */

/* Begin PBXProject section */
		CA8F62331F77189F004119A7 /* Project object */ = {
			isa = PBXProject;
			attributes = {
				LastSwiftUpdateCheck = 0900;
				LastUpgradeCheck = 0900;
				ORGANIZATIONNAME = "Кирилл Володин";
				TargetAttributes = {
					CA8F623A1F77189F004119A7 = {
						CreatedOnToolsVersion = 9.0;
						ProvisioningStyle = Automatic;
					};
				};
			};
			buildConfigurationList = CA8F62361F77189F004119A7 /* Build configuration list for PBXProject "Tinkoff-Homework" */;
			compatibilityVersion = "Xcode 8.0";
			developmentRegion = en;
			hasScannedForEncodings = 0;
			knownRegions = (
				en,
				Base,
			);
			mainGroup = CA8F62321F77189F004119A7;
			productRefGroup = CA8F623C1F77189F004119A7 /* Products */;
			projectDirPath = "";
			projectRoot = "";
			targets = (
				CA8F623A1F77189F004119A7 /* Tinkoff-Homework */,
			);
		};
/* End PBXProject section */

/* Begin PBXResourcesBuildPhase section */
		CA8F62391F77189F004119A7 /* Resources */ = {
			isa = PBXResourcesBuildPhase;
			buildActionMask = 2147483647;
			files = (
				CAA730761FA8AF81000F7C1C /* IncomeMessageCell.xib in Resources */,
				CA8F62461F77189F004119A7 /* Assets.xcassets in Resources */,
				CAA7306F1FA8AF81000F7C1C /* ConversationViewController.xib in Resources */,
				CADA4C431FC3519E0006B22E /* ImageCell.xib in Resources */,
				CA2F2D121FA880150024A717 /* ConversationsListViewController.xib in Resources */,
				CAA730531FA8A84C000F7C1C /* ProfileView.xib in Resources */,
				CAA730731FA8AF81000F7C1C /* OutcomeMessageCell.xib in Resources */,
				CA2F2D161FA881F90024A717 /* ConversationCell.xib in Resources */,
				CA8F62511F771B4D004119A7 /* Media.xcassets in Resources */,
				CADA4C3F1FC339B70006B22E /* ChooseImageViewController.xib in Resources */,
			);
			runOnlyForDeploymentPostprocessing = 0;
		};
/* End PBXResourcesBuildPhase section */

/* Begin PBXSourcesBuildPhase section */
		CA8F62371F77189F004119A7 /* Sources */ = {
			isa = PBXSourcesBuildPhase;
			buildActionMask = 2147483647;
			files = (
				CAA7305A1FA8A98C000F7C1C /* ProfileService.swift in Sources */,
				CADA4C571FC39BAE0006B22E /* ListOfImagesParser.swift in Sources */,
				CA5772A31FC32E9100DD7115 /* ChooseImageModel.swift in Sources */,
				CADA4C4D1FC389AF0006B22E /* RequestSender.swift in Sources */,
				CA66ADB11FAF69A1000BB8E7 /* Profile.swift in Sources */,
				CAF7FAAF1FBA4B3800BFFCC6 /* ConversationManager.swift in Sources */,
				CADA4C481FC388B40006B22E /* IRequest.swift in Sources */,
				CA66ADAF1FAF474D000BB8E7 /* StorageManager.swift in Sources */,
				CAA730701FA8AF81000F7C1C /* ConversationViewController.swift in Sources */,
				CA2F2D151FA881F90024A717 /* ConversationCell.swift in Sources */,
				CA37046D1FA8BEB200B5B6C1 /* CommunicationManager.swift in Sources */,
				CA46EFC01FB99D1C00963A72 /* ConversationStorageManager.swift in Sources */,
				CAA730741FA8AF81000F7C1C /* ConversationAssembly.swift in Sources */,
				CADA4C511FC38DBB0006B22E /* ListOfImagesRequest.swift in Sources */,
				CAA730751FA8AF81000F7C1C /* ConversationModel.swift in Sources */,
				CADA4C4F1FC38D100006B22E /* RequestsFactory.swift in Sources */,
				CA46EFBA1FB9994B00963A72 /* User.swift in Sources */,
				CA37B9341F9D638F007CE2EC /* ConversationItem.swift in Sources */,
				CA46EFB81FB9992500963A72 /* AppUser.swift in Sources */,
				CA46EFB11FB8FAA000963A72 /* ConversationsListDataProvider.swift in Sources */,
				CA66ADAD1FAF1AEE000BB8E7 /* Chat.xcdatamodeld in Sources */,
				CA46EFB31FB8FBF200963A72 /* FetchRequestFactory.swift in Sources */,
				CAA730571FA8A917000F7C1C /* ProfileViewController.swift in Sources */,
				CAA730541FA8A84C000F7C1C /* ProfileAssembly.swift in Sources */,
				CA46EFBE1FB9997E00963A72 /* MessageEntity.swift in Sources */,
				CAA730601FA8AB34000F7C1C /* IProfileStorage.swift in Sources */,
				CAA730621FA8AB34000F7C1C /* Operation.swift in Sources */,
				CA2F2D111FA880150024A717 /* ConversationsListViewController.swift in Sources */,
				CA5772A51FC32EB300DD7115 /* ChooseImageAssembly.swift in Sources */,
				CAD777FF1FA88CD50081A510 /* ConversationsListAssembly.swift in Sources */,
				CA8F623F1F77189F004119A7 /* AppDelegate.swift in Sources */,
				CAAE9B811F9CFD9E00FCFC39 /* MultipeerCommunicator.swift in Sources */,
				CA37B9361F9D63F9007CE2EC /* MessageItem.swift in Sources */,
				CA66ADB31FAF945B000BB8E7 /* IProfileLoaderProtocol.swift in Sources */,
				CADA4C3E1FC339B70006B22E /* ChooseImageViewController.swift in Sources */,
				CADA4C531FC38DD20006B22E /* ImageRequest.swift in Sources */,
				CAD777FD1FA88CB40081A510 /* ConversationsListModel.swift in Sources */,
				CA66ADA71FAF19B5000BB8E7 /* CoreDataStack.swift in Sources */,
				CAA730611FA8AB34000F7C1C /* GCD.swift in Sources */,
				CADA4C451FC37A3F0006B22E /* ImageService.swift in Sources */,
				CAA730551FA8A84C000F7C1C /* ProfileModel.swift in Sources */,
				CA3858A41FA88FB900DC6A6F /* RootAssembly.swift in Sources */,
				CAF7FAB11FBA4FD200BFFCC6 /* ConversationDataProvider.swift in Sources */,
				CA46EFBC1FB9996400963A72 /* ConversationEntity.swift in Sources */,
				CADA4C591FC3AB4C0006B22E /* ImageParser.swift in Sources */,
				CAA730721FA8AF81000F7C1C /* MessageCell.swift in Sources */,
				CADA4C551FC39B570006B22E /* Parser.swift in Sources */,
				CADA4C421FC3519E0006B22E /* ImageCell.swift in Sources */,
			);
			runOnlyForDeploymentPostprocessing = 0;
		};
/* End PBXSourcesBuildPhase section */

/* Begin XCBuildConfiguration section */
		CA8F624B1F77189F004119A7 /* Debug */ = {
			isa = XCBuildConfiguration;
			buildSettings = {
				ALWAYS_SEARCH_USER_PATHS = NO;
				CLANG_ANALYZER_NONNULL = YES;
				CLANG_ANALYZER_NUMBER_OBJECT_CONVERSION = YES_AGGRESSIVE;
				CLANG_CXX_LANGUAGE_STANDARD = "gnu++14";
				CLANG_CXX_LIBRARY = "libc++";
				CLANG_ENABLE_MODULES = YES;
				CLANG_ENABLE_OBJC_ARC = YES;
				CLANG_WARN_BLOCK_CAPTURE_AUTORELEASING = YES;
				CLANG_WARN_BOOL_CONVERSION = YES;
				CLANG_WARN_COMMA = YES;
				CLANG_WARN_CONSTANT_CONVERSION = YES;
				CLANG_WARN_DIRECT_OBJC_ISA_USAGE = YES_ERROR;
				CLANG_WARN_DOCUMENTATION_COMMENTS = YES;
				CLANG_WARN_EMPTY_BODY = YES;
				CLANG_WARN_ENUM_CONVERSION = YES;
				CLANG_WARN_INFINITE_RECURSION = YES;
				CLANG_WARN_INT_CONVERSION = YES;
				CLANG_WARN_NON_LITERAL_NULL_CONVERSION = YES;
				CLANG_WARN_OBJC_LITERAL_CONVERSION = YES;
				CLANG_WARN_OBJC_ROOT_CLASS = YES_ERROR;
				CLANG_WARN_RANGE_LOOP_ANALYSIS = YES;
				CLANG_WARN_STRICT_PROTOTYPES = YES;
				CLANG_WARN_SUSPICIOUS_MOVE = YES;
				CLANG_WARN_UNGUARDED_AVAILABILITY = YES_AGGRESSIVE;
				CLANG_WARN_UNREACHABLE_CODE = YES;
				CLANG_WARN__DUPLICATE_METHOD_MATCH = YES;
				CODE_SIGN_IDENTITY = "iPhone Developer";
				COPY_PHASE_STRIP = NO;
				DEBUG_INFORMATION_FORMAT = dwarf;
				ENABLE_STRICT_OBJC_MSGSEND = YES;
				ENABLE_TESTABILITY = YES;
				GCC_C_LANGUAGE_STANDARD = gnu11;
				GCC_DYNAMIC_NO_PIC = NO;
				GCC_NO_COMMON_BLOCKS = YES;
				GCC_OPTIMIZATION_LEVEL = 0;
				GCC_PREPROCESSOR_DEFINITIONS = (
					"DEBUG=1",
					"$(inherited)",
				);
				GCC_WARN_64_TO_32_BIT_CONVERSION = YES;
				GCC_WARN_ABOUT_RETURN_TYPE = YES_ERROR;
				GCC_WARN_UNDECLARED_SELECTOR = YES;
				GCC_WARN_UNINITIALIZED_AUTOS = YES_AGGRESSIVE;
				GCC_WARN_UNUSED_FUNCTION = YES;
				GCC_WARN_UNUSED_VARIABLE = YES;
				IPHONEOS_DEPLOYMENT_TARGET = 11.0;
				MTL_ENABLE_DEBUG_INFO = YES;
				ONLY_ACTIVE_ARCH = YES;
				SDKROOT = iphoneos;
				SWIFT_ACTIVE_COMPILATION_CONDITIONS = DEBUG;
				SWIFT_OPTIMIZATION_LEVEL = "-Onone";
			};
			name = Debug;
		};
		CA8F624C1F77189F004119A7 /* Release */ = {
			isa = XCBuildConfiguration;
			buildSettings = {
				ALWAYS_SEARCH_USER_PATHS = NO;
				CLANG_ANALYZER_NONNULL = YES;
				CLANG_ANALYZER_NUMBER_OBJECT_CONVERSION = YES_AGGRESSIVE;
				CLANG_CXX_LANGUAGE_STANDARD = "gnu++14";
				CLANG_CXX_LIBRARY = "libc++";
				CLANG_ENABLE_MODULES = YES;
				CLANG_ENABLE_OBJC_ARC = YES;
				CLANG_WARN_BLOCK_CAPTURE_AUTORELEASING = YES;
				CLANG_WARN_BOOL_CONVERSION = YES;
				CLANG_WARN_COMMA = YES;
				CLANG_WARN_CONSTANT_CONVERSION = YES;
				CLANG_WARN_DIRECT_OBJC_ISA_USAGE = YES_ERROR;
				CLANG_WARN_DOCUMENTATION_COMMENTS = YES;
				CLANG_WARN_EMPTY_BODY = YES;
				CLANG_WARN_ENUM_CONVERSION = YES;
				CLANG_WARN_INFINITE_RECURSION = YES;
				CLANG_WARN_INT_CONVERSION = YES;
				CLANG_WARN_NON_LITERAL_NULL_CONVERSION = YES;
				CLANG_WARN_OBJC_LITERAL_CONVERSION = YES;
				CLANG_WARN_OBJC_ROOT_CLASS = YES_ERROR;
				CLANG_WARN_RANGE_LOOP_ANALYSIS = YES;
				CLANG_WARN_STRICT_PROTOTYPES = YES;
				CLANG_WARN_SUSPICIOUS_MOVE = YES;
				CLANG_WARN_UNGUARDED_AVAILABILITY = YES_AGGRESSIVE;
				CLANG_WARN_UNREACHABLE_CODE = YES;
				CLANG_WARN__DUPLICATE_METHOD_MATCH = YES;
				CODE_SIGN_IDENTITY = "iPhone Developer";
				COPY_PHASE_STRIP = NO;
				DEBUG_INFORMATION_FORMAT = "dwarf-with-dsym";
				ENABLE_NS_ASSERTIONS = NO;
				ENABLE_STRICT_OBJC_MSGSEND = YES;
				GCC_C_LANGUAGE_STANDARD = gnu11;
				GCC_NO_COMMON_BLOCKS = YES;
				GCC_WARN_64_TO_32_BIT_CONVERSION = YES;
				GCC_WARN_ABOUT_RETURN_TYPE = YES_ERROR;
				GCC_WARN_UNDECLARED_SELECTOR = YES;
				GCC_WARN_UNINITIALIZED_AUTOS = YES_AGGRESSIVE;
				GCC_WARN_UNUSED_FUNCTION = YES;
				GCC_WARN_UNUSED_VARIABLE = YES;
				IPHONEOS_DEPLOYMENT_TARGET = 11.0;
				MTL_ENABLE_DEBUG_INFO = NO;
				SDKROOT = iphoneos;
				SWIFT_OPTIMIZATION_LEVEL = "-Owholemodule";
				VALIDATE_PRODUCT = YES;
			};
			name = Release;
		};
		CA8F624E1F77189F004119A7 /* Debug */ = {
			isa = XCBuildConfiguration;
			buildSettings = {
				ASSETCATALOG_COMPILER_APPICON_NAME = AppIcon;
				"CODE_SIGN_IDENTITY[sdk=iphoneos*]" = "iPhone Developer";
				CODE_SIGN_STYLE = Automatic;
				DEVELOPMENT_TEAM = BZ5C8942NC;
				INFOPLIST_FILE = "$(SRCROOT)/Tinkoff-Homework/Info.plist";
				IPHONEOS_DEPLOYMENT_TARGET = 10.0;
				LD_RUNPATH_SEARCH_PATHS = "$(inherited) @executable_path/Frameworks";
				PRODUCT_BUNDLE_IDENTIFIER = "Volodin-Enterprise.Tinkoff-Homework";
				PRODUCT_NAME = "$(TARGET_NAME)";
				PROVISIONING_PROFILE_SPECIFIER = "";
				SWIFT_VERSION = 4.0;
				TARGETED_DEVICE_FAMILY = 1;
			};
			name = Debug;
		};
		CA8F624F1F77189F004119A7 /* Release */ = {
			isa = XCBuildConfiguration;
			buildSettings = {
				ASSETCATALOG_COMPILER_APPICON_NAME = AppIcon;
				"CODE_SIGN_IDENTITY[sdk=iphoneos*]" = "iPhone Developer";
				CODE_SIGN_STYLE = Automatic;
				DEVELOPMENT_TEAM = BZ5C8942NC;
				INFOPLIST_FILE = "$(SRCROOT)/Tinkoff-Homework/Info.plist";
				IPHONEOS_DEPLOYMENT_TARGET = 10.0;
				LD_RUNPATH_SEARCH_PATHS = "$(inherited) @executable_path/Frameworks";
				PRODUCT_BUNDLE_IDENTIFIER = "Volodin-Enterprise.Tinkoff-Homework";
				PRODUCT_NAME = "$(TARGET_NAME)";
				PROVISIONING_PROFILE_SPECIFIER = "";
				SWIFT_VERSION = 4.0;
				TARGETED_DEVICE_FAMILY = 1;
			};
			name = Release;
		};
/* End XCBuildConfiguration section */

/* Begin XCConfigurationList section */
		CA8F62361F77189F004119A7 /* Build configuration list for PBXProject "Tinkoff-Homework" */ = {
			isa = XCConfigurationList;
			buildConfigurations = (
				CA8F624B1F77189F004119A7 /* Debug */,
				CA8F624C1F77189F004119A7 /* Release */,
			);
			defaultConfigurationIsVisible = 0;
			defaultConfigurationName = Release;
		};
		CA8F624D1F77189F004119A7 /* Build configuration list for PBXNativeTarget "Tinkoff-Homework" */ = {
			isa = XCConfigurationList;
			buildConfigurations = (
				CA8F624E1F77189F004119A7 /* Debug */,
				CA8F624F1F77189F004119A7 /* Release */,
			);
			defaultConfigurationIsVisible = 0;
			defaultConfigurationName = Release;
		};
/* End XCConfigurationList section */

/* Begin XCVersionGroup section */
		CA66ADAB1FAF1AEE000BB8E7 /* Chat.xcdatamodeld */ = {
			isa = XCVersionGroup;
			children = (
				CA66ADAC1FAF1AEE000BB8E7 /* Chat.xcdatamodel */,
			);
			currentVersion = CA66ADAC1FAF1AEE000BB8E7 /* Chat.xcdatamodel */;
			path = Chat.xcdatamodeld;
			sourceTree = "<group>";
			versionGroupType = wrapper.xcdatamodel;
		};
/* End XCVersionGroup section */
	};
	rootObject = CA8F62331F77189F004119A7 /* Project object */;
}
